// !$*UTF8*$!
{
	archiveVersion = 1;
	classes = {
	};
	objectVersion = 56;
	objects = {

/* Begin PBXBuildFile section */
		6E4C122D2B7683000089FDE2 /* AppWithNetworkServiceApp.swift in Sources */ = {isa = PBXBuildFile; fileRef = 6E4C122C2B7683000089FDE2 /* AppWithNetworkServiceApp.swift */; };
		6E4C122F2B7683000089FDE2 /* ContentView.swift in Sources */ = {isa = PBXBuildFile; fileRef = 6E4C122E2B7683000089FDE2 /* ContentView.swift */; };
		6E4C12312B7683020089FDE2 /* Assets.xcassets in Resources */ = {isa = PBXBuildFile; fileRef = 6E4C12302B7683020089FDE2 /* Assets.xcassets */; };
		6E4C12342B7683020089FDE2 /* Preview Assets.xcassets in Resources */ = {isa = PBXBuildFile; fileRef = 6E4C12332B7683020089FDE2 /* Preview Assets.xcassets */; };
		6E4C123E2B7683020089FDE2 /* AppWithNetworkServiceTests.swift in Sources */ = {isa = PBXBuildFile; fileRef = 6E4C123D2B7683020089FDE2 /* AppWithNetworkServiceTests.swift */; };
		6E4C12482B7683020089FDE2 /* AppWithNetworkServiceUITests.swift in Sources */ = {isa = PBXBuildFile; fileRef = 6E4C12472B7683020089FDE2 /* AppWithNetworkServiceUITests.swift */; };
		6E4C124A2B7683020089FDE2 /* AppWithNetworkServiceUITestsLaunchTests.swift in Sources */ = {isa = PBXBuildFile; fileRef = 6E4C12492B7683020089FDE2 /* AppWithNetworkServiceUITestsLaunchTests.swift */; };
/* End PBXBuildFile section */

/* Begin PBXContainerItemProxy section */
		6E4C123A2B7683020089FDE2 /* PBXContainerItemProxy */ = {
			isa = PBXContainerItemProxy;
			containerPortal = 6E4C12212B7682FF0089FDE2 /* Project object */;
			proxyType = 1;
			remoteGlobalIDString = 6E4C12282B7682FF0089FDE2;
			remoteInfo = AppWithNetworkService;
		};
		6E4C12442B7683020089FDE2 /* PBXContainerItemProxy */ = {
			isa = PBXContainerItemProxy;
			containerPortal = 6E4C12212B7682FF0089FDE2 /* Project object */;
			proxyType = 1;
			remoteGlobalIDString = 6E4C12282B7682FF0089FDE2;
			remoteInfo = AppWithNetworkService;
		};
/* End PBXContainerItemProxy section */

/* Begin PBXFileReference section */
		6E4C12292B7683000089FDE2 /* AppWithNetworkService.app */ = {isa = PBXFileReference; explicitFileType = wrapper.application; includeInIndex = 0; path = AppWithNetworkService.app; sourceTree = BUILT_PRODUCTS_DIR; };
		6E4C122C2B7683000089FDE2 /* AppWithNetworkServiceApp.swift */ = {isa = PBXFileReference; lastKnownFileType = sourcecode.swift; path = AppWithNetworkServiceApp.swift; sourceTree = "<group>"; };
		6E4C122E2B7683000089FDE2 /* ContentView.swift */ = {isa = PBXFileReference; lastKnownFileType = sourcecode.swift; path = ContentView.swift; sourceTree = "<group>"; };
		6E4C12302B7683020089FDE2 /* Assets.xcassets */ = {isa = PBXFileReference; lastKnownFileType = folder.assetcatalog; path = Assets.xcassets; sourceTree = "<group>"; };
		6E4C12332B7683020089FDE2 /* Preview Assets.xcassets */ = {isa = PBXFileReference; lastKnownFileType = folder.assetcatalog; path = "Preview Assets.xcassets"; sourceTree = "<group>"; };
		6E4C12392B7683020089FDE2 /* AppWithNetworkServiceTests.xctest */ = {isa = PBXFileReference; explicitFileType = wrapper.cfbundle; includeInIndex = 0; path = AppWithNetworkServiceTests.xctest; sourceTree = BUILT_PRODUCTS_DIR; };
		6E4C123D2B7683020089FDE2 /* AppWithNetworkServiceTests.swift */ = {isa = PBXFileReference; lastKnownFileType = sourcecode.swift; path = AppWithNetworkServiceTests.swift; sourceTree = "<group>"; };
		6E4C12432B7683020089FDE2 /* AppWithNetworkServiceUITests.xctest */ = {isa = PBXFileReference; explicitFileType = wrapper.cfbundle; includeInIndex = 0; path = AppWithNetworkServiceUITests.xctest; sourceTree = BUILT_PRODUCTS_DIR; };
		6E4C12472B7683020089FDE2 /* AppWithNetworkServiceUITests.swift */ = {isa = PBXFileReference; lastKnownFileType = sourcecode.swift; path = AppWithNetworkServiceUITests.swift; sourceTree = "<group>"; };
		6E4C12492B7683020089FDE2 /* AppWithNetworkServiceUITestsLaunchTests.swift */ = {isa = PBXFileReference; lastKnownFileType = sourcecode.swift; path = AppWithNetworkServiceUITestsLaunchTests.swift; sourceTree = "<group>"; };
/* End PBXFileReference section */

/* Begin PBXFrameworksBuildPhase section */
		6E4C12262B7682FF0089FDE2 /* Frameworks */ = {
			isa = PBXFrameworksBuildPhase;
			buildActionMask = 2147483647;
			files = (
			);
			runOnlyForDeploymentPostprocessing = 0;
		};
		6E4C12362B7683020089FDE2 /* Frameworks */ = {
			isa = PBXFrameworksBuildPhase;
			buildActionMask = 2147483647;
			files = (
			);
			runOnlyForDeploymentPostprocessing = 0;
		};
		6E4C12402B7683020089FDE2 /* Frameworks */ = {
			isa = PBXFrameworksBuildPhase;
			buildActionMask = 2147483647;
			files = (
			);
			runOnlyForDeploymentPostprocessing = 0;
		};
/* End PBXFrameworksBuildPhase section */

/* Begin PBXGroup section */
		6E4C12202B7682FF0089FDE2 = {
			isa = PBXGroup;
			children = (
				6E4C122B2B7683000089FDE2 /* AppWithNetworkService */,
				6E4C123C2B7683020089FDE2 /* AppWithNetworkServiceTests */,
				6E4C12462B7683020089FDE2 /* AppWithNetworkServiceUITests */,
				6E4C122A2B7683000089FDE2 /* Products */,
			);
			sourceTree = "<group>";
		};
		6E4C122A2B7683000089FDE2 /* Products */ = {
			isa = PBXGroup;
			children = (
				6E4C12292B7683000089FDE2 /* AppWithNetworkService.app */,
				6E4C12392B7683020089FDE2 /* AppWithNetworkServiceTests.xctest */,
				6E4C12432B7683020089FDE2 /* AppWithNetworkServiceUITests.xctest */,
			);
			name = Products;
			sourceTree = "<group>";
		};
		6E4C122B2B7683000089FDE2 /* AppWithNetworkService */ = {
			isa = PBXGroup;
			children = (
				6E4C122C2B7683000089FDE2 /* AppWithNetworkServiceApp.swift */,
				6E4C122E2B7683000089FDE2 /* ContentView.swift */,
				6E4C12302B7683020089FDE2 /* Assets.xcassets */,
				6E4C12322B7683020089FDE2 /* Preview Content */,
			);
			path = AppWithNetworkService;
			sourceTree = "<group>";
		};
		6E4C12322B7683020089FDE2 /* Preview Content */ = {
			isa = PBXGroup;
			children = (
				6E4C12332B7683020089FDE2 /* Preview Assets.xcassets */,
			);
			path = "Preview Content";
			sourceTree = "<group>";
		};
		6E4C123C2B7683020089FDE2 /* AppWithNetworkServiceTests */ = {
			isa = PBXGroup;
			children = (
				6E4C123D2B7683020089FDE2 /* AppWithNetworkServiceTests.swift */,
			);
			path = AppWithNetworkServiceTests;
			sourceTree = "<group>";
		};
		6E4C12462B7683020089FDE2 /* AppWithNetworkServiceUITests */ = {
			isa = PBXGroup;
			children = (
				6E4C12472B7683020089FDE2 /* AppWithNetworkServiceUITests.swift */,
				6E4C12492B7683020089FDE2 /* AppWithNetworkServiceUITestsLaunchTests.swift */,
			);
			path = AppWithNetworkServiceUITests;
			sourceTree = "<group>";
		};
/* End PBXGroup section */

/* Begin PBXNativeTarget section */
		6E4C12282B7682FF0089FDE2 /* AppWithNetworkService */ = {
			isa = PBXNativeTarget;
			buildConfigurationList = 6E4C124D2B7683020089FDE2 /* Build configuration list for PBXNativeTarget "AppWithNetworkService" */;
			buildPhases = (
				6E4C12252B7682FF0089FDE2 /* Sources */,
				6E4C12262B7682FF0089FDE2 /* Frameworks */,
				6E4C12272B7682FF0089FDE2 /* Resources */,
			);
			buildRules = (
			);
			dependencies = (
			);
			name = AppWithNetworkService;
			productName = AppWithNetworkService;
			productReference = 6E4C12292B7683000089FDE2 /* AppWithNetworkService.app */;
			productType = "com.apple.product-type.application";
		};
		6E4C12382B7683020089FDE2 /* AppWithNetworkServiceTests */ = {
			isa = PBXNativeTarget;
			buildConfigurationList = 6E4C12502B7683020089FDE2 /* Build configuration list for PBXNativeTarget "AppWithNetworkServiceTests" */;
			buildPhases = (
				6E4C12352B7683020089FDE2 /* Sources */,
				6E4C12362B7683020089FDE2 /* Frameworks */,
				6E4C12372B7683020089FDE2 /* Resources */,
			);
			buildRules = (
			);
			dependencies = (
				6E4C123B2B7683020089FDE2 /* PBXTargetDependency */,
			);
			name = AppWithNetworkServiceTests;
			productName = AppWithNetworkServiceTests;
			productReference = 6E4C12392B7683020089FDE2 /* AppWithNetworkServiceTests.xctest */;
			productType = "com.apple.product-type.bundle.unit-test";
		};
		6E4C12422B7683020089FDE2 /* AppWithNetworkServiceUITests */ = {
			isa = PBXNativeTarget;
			buildConfigurationList = 6E4C12532B7683020089FDE2 /* Build configuration list for PBXNativeTarget "AppWithNetworkServiceUITests" */;
			buildPhases = (
				6E4C123F2B7683020089FDE2 /* Sources */,
				6E4C12402B7683020089FDE2 /* Frameworks */,
				6E4C12412B7683020089FDE2 /* Resources */,
			);
			buildRules = (
			);
			dependencies = (
				6E4C12452B7683020089FDE2 /* PBXTargetDependency */,
			);
			name = AppWithNetworkServiceUITests;
			productName = AppWithNetworkServiceUITests;
			productReference = 6E4C12432B7683020089FDE2 /* AppWithNetworkServiceUITests.xctest */;
			productType = "com.apple.product-type.bundle.ui-testing";
		};
/* End PBXNativeTarget section */

/* Begin PBXProject section */
		6E4C12212B7682FF0089FDE2 /* Project object */ = {
			isa = PBXProject;
			attributes = {
				BuildIndependentTargetsInParallel = 1;
				LastSwiftUpdateCheck = 1430;
				LastUpgradeCheck = 1430;
				TargetAttributes = {
					6E4C12282B7682FF0089FDE2 = {
						CreatedOnToolsVersion = 14.3.1;
					};
					6E4C12382B7683020089FDE2 = {
						CreatedOnToolsVersion = 14.3.1;
						TestTargetID = 6E4C12282B7682FF0089FDE2;
					};
					6E4C12422B7683020089FDE2 = {
						CreatedOnToolsVersion = 14.3.1;
						TestTargetID = 6E4C12282B7682FF0089FDE2;
					};
				};
			};
			buildConfigurationList = 6E4C12242B7682FF0089FDE2 /* Build configuration list for PBXProject "AppWithNetworkService" */;
			compatibilityVersion = "Xcode 14.0";
			developmentRegion = en;
			hasScannedForEncodings = 0;
			knownRegions = (
				en,
				Base,
			);
			mainGroup = 6E4C12202B7682FF0089FDE2;
			productRefGroup = 6E4C122A2B7683000089FDE2 /* Products */;
			projectDirPath = "";
			projectRoot = "";
			targets = (
				6E4C12282B7682FF0089FDE2 /* AppWithNetworkService */,
				6E4C12382B7683020089FDE2 /* AppWithNetworkServiceTests */,
				6E4C12422B7683020089FDE2 /* AppWithNetworkServiceUITests */,
			);
		};
/* End PBXProject section */

/* Begin PBXResourcesBuildPhase section */
		6E4C12272B7682FF0089FDE2 /* Resources */ = {
			isa = PBXResourcesBuildPhase;
			buildActionMask = 2147483647;
			files = (
				6E4C12342B7683020089FDE2 /* Preview Assets.xcassets in Resources */,
				6E4C12312B7683020089FDE2 /* Assets.xcassets in Resources */,
			);
			runOnlyForDeploymentPostprocessing = 0;
		};
		6E4C12372B7683020089FDE2 /* Resources */ = {
			isa = PBXResourcesBuildPhase;
			buildActionMask = 2147483647;
			files = (
			);
			runOnlyForDeploymentPostprocessing = 0;
		};
		6E4C12412B7683020089FDE2 /* Resources */ = {
			isa = PBXResourcesBuildPhase;
			buildActionMask = 2147483647;
			files = (
			);
			runOnlyForDeploymentPostprocessing = 0;
		};
/* End PBXResourcesBuildPhase section */

/* Begin PBXSourcesBuildPhase section */
		6E4C12252B7682FF0089FDE2 /* Sources */ = {
			isa = PBXSourcesBuildPhase;
			buildActionMask = 2147483647;
			files = (
				6E4C122F2B7683000089FDE2 /* ContentView.swift in Sources */,
				6E4C122D2B7683000089FDE2 /* AppWithNetworkServiceApp.swift in Sources */,
			);
			runOnlyForDeploymentPostprocessing = 0;
		};
		6E4C12352B7683020089FDE2 /* Sources */ = {
			isa = PBXSourcesBuildPhase;
			buildActionMask = 2147483647;
			files = (
				6E4C123E2B7683020089FDE2 /* AppWithNetworkServiceTests.swift in Sources */,
			);
			runOnlyForDeploymentPostprocessing = 0;
		};
		6E4C123F2B7683020089FDE2 /* Sources */ = {
			isa = PBXSourcesBuildPhase;
			buildActionMask = 2147483647;
			files = (
				6E4C12482B7683020089FDE2 /* AppWithNetworkServiceUITests.swift in Sources */,
				6E4C124A2B7683020089FDE2 /* AppWithNetworkServiceUITestsLaunchTests.swift in Sources */,
			);
			runOnlyForDeploymentPostprocessing = 0;
		};
/* End PBXSourcesBuildPhase section */

/* Begin PBXTargetDependency section */
		6E4C123B2B7683020089FDE2 /* PBXTargetDependency */ = {
			isa = PBXTargetDependency;
			target = 6E4C12282B7682FF0089FDE2 /* AppWithNetworkService */;
			targetProxy = 6E4C123A2B7683020089FDE2 /* PBXContainerItemProxy */;
		};
		6E4C12452B7683020089FDE2 /* PBXTargetDependency */ = {
			isa = PBXTargetDependency;
			target = 6E4C12282B7682FF0089FDE2 /* AppWithNetworkService */;
			targetProxy = 6E4C12442B7683020089FDE2 /* PBXContainerItemProxy */;
		};
/* End PBXTargetDependency section */

/* Begin XCBuildConfiguration section */
		6E4C124B2B7683020089FDE2 /* Debug */ = {
			isa = XCBuildConfiguration;
			buildSettings = {
				ALWAYS_SEARCH_USER_PATHS = NO;
				CLANG_ANALYZER_NONNULL = YES;
				CLANG_ANALYZER_NUMBER_OBJECT_CONVERSION = YES_AGGRESSIVE;
				CLANG_CXX_LANGUAGE_STANDARD = "gnu++20";
				CLANG_ENABLE_MODULES = YES;
				CLANG_ENABLE_OBJC_ARC = YES;
				CLANG_ENABLE_OBJC_WEAK = YES;
				CLANG_WARN_BLOCK_CAPTURE_AUTORELEASING = YES;
				CLANG_WARN_BOOL_CONVERSION = YES;
				CLANG_WARN_COMMA = YES;
				CLANG_WARN_CONSTANT_CONVERSION = YES;
				CLANG_WARN_DEPRECATED_OBJC_IMPLEMENTATIONS = YES;
				CLANG_WARN_DIRECT_OBJC_ISA_USAGE = YES_ERROR;
				CLANG_WARN_DOCUMENTATION_COMMENTS = YES;
				CLANG_WARN_EMPTY_BODY = YES;
				CLANG_WARN_ENUM_CONVERSION = YES;
				CLANG_WARN_INFINITE_RECURSION = YES;
				CLANG_WARN_INT_CONVERSION = YES;
				CLANG_WARN_NON_LITERAL_NULL_CONVERSION = YES;
				CLANG_WARN_OBJC_IMPLICIT_RETAIN_SELF = YES;
				CLANG_WARN_OBJC_LITERAL_CONVERSION = YES;
				CLANG_WARN_OBJC_ROOT_CLASS = YES_ERROR;
				CLANG_WARN_QUOTED_INCLUDE_IN_FRAMEWORK_HEADER = YES;
				CLANG_WARN_RANGE_LOOP_ANALYSIS = YES;
				CLANG_WARN_STRICT_PROTOTYPES = YES;
				CLANG_WARN_SUSPICIOUS_MOVE = YES;
				CLANG_WARN_UNGUARDED_AVAILABILITY = YES_AGGRESSIVE;
				CLANG_WARN_UNREACHABLE_CODE = YES;
				CLANG_WARN__DUPLICATE_METHOD_MATCH = YES;
				COPY_PHASE_STRIP = NO;
				DEBUG_INFORMATION_FORMAT = dwarf;
				ENABLE_STRICT_OBJC_MSGSEND = YES;
				ENABLE_TESTABILITY = YES;
				GCC_C_LANGUAGE_STANDARD = gnu11;
				GCC_DYNAMIC_NO_PIC = NO;
				GCC_NO_COMMON_BLOCKS = YES;
				GCC_OPTIMIZATION_LEVEL = 0;
				GCC_PREPROCESSOR_DEFINITIONS = (
					"DEBUG=1",
					"$(inherited)",
				);
				GCC_WARN_64_TO_32_BIT_CONVERSION = YES;
				GCC_WARN_ABOUT_RETURN_TYPE = YES_ERROR;
				GCC_WARN_UNDECLARED_SELECTOR = YES;
				GCC_WARN_UNINITIALIZED_AUTOS = YES_AGGRESSIVE;
				GCC_WARN_UNUSED_FUNCTION = YES;
				GCC_WARN_UNUSED_VARIABLE = YES;
				IPHONEOS_DEPLOYMENT_TARGET = 16.4;
				MTL_ENABLE_DEBUG_INFO = INCLUDE_SOURCE;
				MTL_FAST_MATH = YES;
				ONLY_ACTIVE_ARCH = YES;
				SDKROOT = iphoneos;
				SWIFT_ACTIVE_COMPILATION_CONDITIONS = DEBUG;
				SWIFT_OPTIMIZATION_LEVEL = "-Onone";
			};
			name = Debug;
		};
		6E4C124C2B7683020089FDE2 /* Release */ = {
			isa = XCBuildConfiguration;
			buildSettings = {
				ALWAYS_SEARCH_USER_PATHS = NO;
				CLANG_ANALYZER_NONNULL = YES;
				CLANG_ANALYZER_NUMBER_OBJECT_CONVERSION = YES_AGGRESSIVE;
				CLANG_CXX_LANGUAGE_STANDARD = "gnu++20";
				CLANG_ENABLE_MODULES = YES;
				CLANG_ENABLE_OBJC_ARC = YES;
				CLANG_ENABLE_OBJC_WEAK = YES;
				CLANG_WARN_BLOCK_CAPTURE_AUTORELEASING = YES;
				CLANG_WARN_BOOL_CONVERSION = YES;
				CLANG_WARN_COMMA = YES;
				CLANG_WARN_CONSTANT_CONVERSION = YES;
				CLANG_WARN_DEPRECATED_OBJC_IMPLEMENTATIONS = YES;
				CLANG_WARN_DIRECT_OBJC_ISA_USAGE = YES_ERROR;
				CLANG_WARN_DOCUMENTATION_COMMENTS = YES;
				CLANG_WARN_EMPTY_BODY = YES;
				CLANG_WARN_ENUM_CONVERSION = YES;
				CLANG_WARN_INFINITE_RECURSION = YES;
				CLANG_WARN_INT_CONVERSION = YES;
				CLANG_WARN_NON_LITERAL_NULL_CONVERSION = YES;
				CLANG_WARN_OBJC_IMPLICIT_RETAIN_SELF = YES;
				CLANG_WARN_OBJC_LITERAL_CONVERSION = YES;
				CLANG_WARN_OBJC_ROOT_CLASS = YES_ERROR;
				CLANG_WARN_QUOTED_INCLUDE_IN_FRAMEWORK_HEADER = YES;
				CLANG_WARN_RANGE_LOOP_ANALYSIS = YES;
				CLANG_WARN_STRICT_PROTOTYPES = YES;
				CLANG_WARN_SUSPICIOUS_MOVE = YES;
				CLANG_WARN_UNGUARDED_AVAILABILITY = YES_AGGRESSIVE;
				CLANG_WARN_UNREACHABLE_CODE = YES;
				CLANG_WARN__DUPLICATE_METHOD_MATCH = YES;
				COPY_PHASE_STRIP = NO;
				DEBUG_INFORMATION_FORMAT = "dwarf-with-dsym";
				ENABLE_NS_ASSERTIONS = NO;
				ENABLE_STRICT_OBJC_MSGSEND = YES;
				GCC_C_LANGUAGE_STANDARD = gnu11;
				GCC_NO_COMMON_BLOCKS = YES;
				GCC_WARN_64_TO_32_BIT_CONVERSION = YES;
				GCC_WARN_ABOUT_RETURN_TYPE = YES_ERROR;
				GCC_WARN_UNDECLARED_SELECTOR = YES;
				GCC_WARN_UNINITIALIZED_AUTOS = YES_AGGRESSIVE;
				GCC_WARN_UNUSED_FUNCTION = YES;
				GCC_WARN_UNUSED_VARIABLE = YES;
				IPHONEOS_DEPLOYMENT_TARGET = 16.4;
				MTL_ENABLE_DEBUG_INFO = NO;
				MTL_FAST_MATH = YES;
				SDKROOT = iphoneos;
				SWIFT_COMPILATION_MODE = wholemodule;
				SWIFT_OPTIMIZATION_LEVEL = "-O";
				VALIDATE_PRODUCT = YES;
			};
			name = Release;
		};
		6E4C124E2B7683020089FDE2 /* Debug */ = {
			isa = XCBuildConfiguration;
			buildSettings = {
				ASSETCATALOG_COMPILER_APPICON_NAME = AppIcon;
				ASSETCATALOG_COMPILER_GLOBAL_ACCENT_COLOR_NAME = AccentColor;
				CODE_SIGN_STYLE = Automatic;
				CURRENT_PROJECT_VERSION = 1;
				DEVELOPMENT_ASSET_PATHS = "\"AppWithNetworkService/Preview Content\"";
				DEVELOPMENT_TEAM = 6DXMV9JDR9;
				ENABLE_PREVIEWS = YES;
				GENERATE_INFOPLIST_FILE = YES;
				INFOPLIST_KEY_UIApplicationSceneManifest_Generation = YES;
				INFOPLIST_KEY_UIApplicationSupportsIndirectInputEvents = YES;
				INFOPLIST_KEY_UILaunchScreen_Generation = YES;
				INFOPLIST_KEY_UISupportedInterfaceOrientations_iPad = "UIInterfaceOrientationPortrait UIInterfaceOrientationPortraitUpsideDown UIInterfaceOrientationLandscapeLeft UIInterfaceOrientationLandscapeRight";
				INFOPLIST_KEY_UISupportedInterfaceOrientations_iPhone = "UIInterfaceOrientationPortrait UIInterfaceOrientationLandscapeLeft UIInterfaceOrientationLandscapeRight";
				LD_RUNPATH_SEARCH_PATHS = (
					"$(inherited)",
					"@executable_path/Frameworks",
				);
				MARKETING_VERSION = 1.0;
				PRODUCT_BUNDLE_IDENTIFIER = AS.AppWithNetworkService;
				PRODUCT_NAME = "$(TARGET_NAME)";
				SWIFT_EMIT_LOC_STRINGS = YES;
				SWIFT_VERSION = 5.0;
				TARGETED_DEVICE_FAMILY = "1,2";
			};
			name = Debug;
		};
		6E4C124F2B7683020089FDE2 /* Release */ = {
			isa = XCBuildConfiguration;
			buildSettings = {
				ASSETCATALOG_COMPILER_APPICON_NAME = AppIcon;
				ASSETCATALOG_COMPILER_GLOBAL_ACCENT_COLOR_NAME = AccentColor;
				CODE_SIGN_STYLE = Automatic;
				CURRENT_PROJECT_VERSION = 1;
				DEVELOPMENT_ASSET_PATHS = "\"AppWithNetworkService/Preview Content\"";
				DEVELOPMENT_TEAM = 6DXMV9JDR9;
				ENABLE_PREVIEWS = YES;
				GENERATE_INFOPLIST_FILE = YES;
				INFOPLIST_KEY_UIApplicationSceneManifest_Generation = YES;
				INFOPLIST_KEY_UIApplicationSupportsIndirectInputEvents = YES;
				INFOPLIST_KEY_UILaunchScreen_Generation = YES;
				INFOPLIST_KEY_UISupportedInterfaceOrientations_iPad = "UIInterfaceOrientationPortrait UIInterfaceOrientationPortraitUpsideDown UIInterfaceOrientationLandscapeLeft UIInterfaceOrientationLandscapeRight";
				INFOPLIST_KEY_UISupportedInterfaceOrientations_iPhone = "UIInterfaceOrientationPortrait UIInterfaceOrientationLandscapeLeft UIInterfaceOrientationLandscapeRight";
				LD_RUNPATH_SEARCH_PATHS = (
					"$(inherited)",
					"@executable_path/Frameworks",
				);
				MARKETING_VERSION = 1.0;
				PRODUCT_BUNDLE_IDENTIFIER = AS.AppWithNetworkService;
				PRODUCT_NAME = "$(TARGET_NAME)";
				SWIFT_EMIT_LOC_STRINGS = YES;
				SWIFT_VERSION = 5.0;
				TARGETED_DEVICE_FAMILY = "1,2";
			};
			name = Release;
		};
		6E4C12512B7683020089FDE2 /* Debug */ = {
			isa = XCBuildConfiguration;
			buildSettings = {
				ALWAYS_EMBED_SWIFT_STANDARD_LIBRARIES = YES;
				BUNDLE_LOADER = "$(TEST_HOST)";
				CODE_SIGN_STYLE = Automatic;
				CURRENT_PROJECT_VERSION = 1;
				DEVELOPMENT_TEAM = 6DXMV9JDR9;
				GENERATE_INFOPLIST_FILE = YES;
				IPHONEOS_DEPLOYMENT_TARGET = 16.4;
				MARKETING_VERSION = 1.0;
				PRODUCT_BUNDLE_IDENTIFIER = AS.AppWithNetworkServiceTests;
				PRODUCT_NAME = "$(TARGET_NAME)";
				SWIFT_EMIT_LOC_STRINGS = NO;
				SWIFT_VERSION = 5.0;
				TARGETED_DEVICE_FAMILY = "1,2";
				TEST_HOST = "$(BUILT_PRODUCTS_DIR)/AppWithNetworkService.app/$(BUNDLE_EXECUTABLE_FOLDER_PATH)/AppWithNetworkService";
			};
			name = Debug;
		};
		6E4C12522B7683020089FDE2 /* Release */ = {
			isa = XCBuildConfiguration;
			buildSettings = {
				ALWAYS_EMBED_SWIFT_STANDARD_LIBRARIES = YES;
				BUNDLE_LOADER = "$(TEST_HOST)";
				CODE_SIGN_STYLE = Automatic;
				CURRENT_PROJECT_VERSION = 1;
				DEVELOPMENT_TEAM = 6DXMV9JDR9;
				GENERATE_INFOPLIST_FILE = YES;
				IPHONEOS_DEPLOYMENT_TARGET = 16.4;
				MARKETING_VERSION = 1.0;
				PRODUCT_BUNDLE_IDENTIFIER = AS.AppWithNetworkServiceTests;
				PRODUCT_NAME = "$(TARGET_NAME)";
				SWIFT_EMIT_LOC_STRINGS = NO;
				SWIFT_VERSION = 5.0;
				TARGETED_DEVICE_FAMILY = "1,2";
				TEST_HOST = "$(BUILT_PRODUCTS_DIR)/AppWithNetworkService.app/$(BUNDLE_EXECUTABLE_FOLDER_PATH)/AppWithNetworkService";
			};
			name = Release;
		};
		6E4C12542B7683020089FDE2 /* Debug */ = {
			isa = XCBuildConfiguration;
			buildSettings = {
				ALWAYS_EMBED_SWIFT_STANDARD_LIBRARIES = YES;
				CODE_SIGN_STYLE = Automatic;
				CURRENT_PROJECT_VERSION = 1;
				DEVELOPMENT_TEAM = 6DXMV9JDR9;
				GENERATE_INFOPLIST_FILE = YES;
				MARKETING_VERSION = 1.0;
				PRODUCT_BUNDLE_IDENTIFIER = AS.AppWithNetworkServiceUITests;
				PRODUCT_NAME = "$(TARGET_NAME)";
				SWIFT_EMIT_LOC_STRINGS = NO;
				SWIFT_VERSION = 5.0;
				TARGETED_DEVICE_FAMILY = "1,2";
				TEST_TARGET_NAME = AppWithNetworkService;
			};
			name = Debug;
		};
		6E4C12552B7683020089FDE2 /* Release */ = {
			isa = XCBuildConfiguration;
			buildSettings = {
				ALWAYS_EMBED_SWIFT_STANDARD_LIBRARIES = YES;
				CODE_SIGN_STYLE = Automatic;
				CURRENT_PROJECT_VERSION = 1;
				DEVELOPMENT_TEAM = 6DXMV9JDR9;
				GENERATE_INFOPLIST_FILE = YES;
				MARKETING_VERSION = 1.0;
				PRODUCT_BUNDLE_IDENTIFIER = AS.AppWithNetworkServiceUITests;
				PRODUCT_NAME = "$(TARGET_NAME)";
				SWIFT_EMIT_LOC_STRINGS = NO;
				SWIFT_VERSION = 5.0;
				TARGETED_DEVICE_FAMILY = "1,2";
				TEST_TARGET_NAME = AppWithNetworkService;
			};
			name = Release;
		};
/* End XCBuildConfiguration section */

/* Begin XCConfigurationList section */
		6E4C12242B7682FF0089FDE2 /* Build configuration list for PBXProject "AppWithNetworkService" */ = {
			isa = XCConfigurationList;
			buildConfigurations = (
				6E4C124B2B7683020089FDE2 /* Debug */,
				6E4C124C2B7683020089FDE2 /* Release */,
			);
			defaultConfigurationIsVisible = 0;
			defaultConfigurationName = Release;
		};
		6E4C124D2B7683020089FDE2 /* Build configuration list for PBXNativeTarget "AppWithNetworkService" */ = {
			isa = XCConfigurationList;
			buildConfigurations = (
				6E4C124E2B7683020089FDE2 /* Debug */,
				6E4C124F2B7683020089FDE2 /* Release */,
			);
			defaultConfigurationIsVisible = 0;
			defaultConfigurationName = Release;
		};
		6E4C12502B7683020089FDE2 /* Build configuration list for PBXNativeTarget "AppWithNetworkServiceTests" */ = {
			isa = XCConfigurationList;
			buildConfigurations = (
				6E4C12512B7683020089FDE2 /* Debug */,
				6E4C12522B7683020089FDE2 /* Release */,
			);
			defaultConfigurationIsVisible = 0;
			defaultConfigurationName = Release;
		};
		6E4C12532B7683020089FDE2 /* Build configuration list for PBXNativeTarget "AppWithNetworkServiceUITests" */ = {
			isa = XCConfigurationList;
			buildConfigurations = (
				6E4C12542B7683020089FDE2 /* Debug */,
				6E4C12552B7683020089FDE2 /* Release */,
			);
			defaultConfigurationIsVisible = 0;
			defaultConfigurationName = Release;
		};
/* End XCConfigurationList section */
	};
	rootObject = 6E4C12212B7682FF0089FDE2 /* Project object */;
}
